hash: df1380558e8abb3a2c98a0f51ed31ae654e38c70bd7b5853b85b16c1920a4230
updated: 2018-01-22T10:30:19.00159+09:00
imports:
- name: github.com/jessevdk/go-assets
  version: 4f4301a06e153ff90e17793577ab6bf79f8dc5c5
- name: github.com/mattn/go-runewidth
  version: 97311d9f7767e3d6f422ea06661bc2c7a19e8a5d
- name: github.com/urfave/cli
  version: cfb38830724cc34fedffe9a2a29fb54fa9169cd1
- name: golang.org/x/net
  version: c7086645de248775cbf2373cf5ca4d2fa664b8c1
  subpackages:
  - context
- name: golang.org/x/sync
  version: fd80eb99c8f653c847d294a001bdf2a3a6f768f5
  subpackages:
  - errgroup
- name: golang.org/x/sys
  version: a13efeb2fd213cf4be7227992aa54519af3b2ac0
  subpackages:
  - unix
- name: gopkg.in/cheggaaa/pb.v1
  version: 43d64de27312b32812ca7e994fa0bb03ccf08fdf
testImports: []
